Microsoft Visual Studio Solution File, Format Version 12.00
# Visual Studio Version 16
VisualStudioVersion = 16.0.29728.190
MinimumVisualStudioVersion = 10.0.40219.1
Project("{FAE04EC0-301F-11D3-BF4B-00C04F79EFBC}") = "MWMBSourceStollie", "MWMBSourceStollie.csproj", "{531D399F-0EE1-4EB9-B18B-463BB23972B9}"
EndProject
Global
	GlobalSection(SolutionConfigurationPlatforms) = preSolution
		Debug|Any CPU = Debug|Any CPU
		Release|Any CPU = Release|Any CPU
	EndGlobalSection
	GlobalSection(ProjectConfigurationPlatforms) = postSolution
		{531D399F-0EE1-4EB9-B18B-463BB23972B9}.Debug|Any CPU.ActiveCfg = Release|Any CPU
		{531D399F-0EE1-4EB9-B18B-463BB23972B9}.Debug|Any CPU.Build.0 = Release|Any CPU
		{531D399F-0EE1-4EB9-B18B-463BB23972B9}.Release|Any CPU.ActiveCfg = Release|Any CPU
		{531D399F-0EE1-4EB9-B18B-463BB23972B9}.Release|Any CPU.Build.0 = Release|Any CPU
	EndGlobalSection
	GlobalSection(SolutionProperties) = preSolution
		HideSolutionNode = FALSE
	EndGlobalSection
	GlobalSection(ExtensibilityGlobals) = postSolution
		SolutionGuid = {342A4034-A13E-4E12-9230-410A2A42251F}
	EndGlobalSection
EndGlobal
